
Microsoft Visual Studio Solution File, Format Version 12.00
# Visual Studio 2012
Project("{2150E333-8FDC-42A3-9474-1A3956D46DE8}") = "Infra", "Infra", "{1628A6B9-5338-47E6-8486-848180896A08}"
EndProject
Project("{2150E333-8FDC-42A3-9474-1A3956D46DE8}") = "Core", "Core", "{63D7D4DA-FD14-484D-AA0B-E3ACA8408DCE}"
EndProject
Project("{FAE04EC0-301F-11D3-BF4B-00C04F79EFBC}") = "Dharma.Core", "Blocks\Infra\Core\Dharma.Core.csproj", "{8FA25359-AAB3-42D4-9610-304D285B1BDB}"
EndProject
Project("{2150E333-8FDC-42A3-9474-1A3956D46DE8}") = "LoggingBlock", "LoggingBlock", "{7F420E46-8317-4A0C-AAF1-0F0FD13A210D}"
	ProjectSection(SolutionItems) = preProject
		Blocks\Infra\LoggingBlock\DockerFile = Blocks\Infra\LoggingBlock\DockerFile
		Blocks\Infra\LoggingBlock\Readme.md = Blocks\Infra\LoggingBlock\Readme.md
	EndProjectSection
EndProject
Project("{2150E333-8FDC-42A3-9474-1A3956D46DE8}") = "Public", "Public", "{968FB61A-3E54-454D-BF19-D1AF120E3EB6}"
EndProject
Project("{2150E333-8FDC-42A3-9474-1A3956D46DE8}") = "Tests", "Tests", "{4CF7EC3A-5BCA-4E76-899E-A4BB599ACAE5}"
EndProject
Project("{2150E333-8FDC-42A3-9474-1A3956D46DE8}") = "Implementation", "Implementation", "{DE5B21B0-C4A9-4A26-A7CE-B8410632F1E3}"
EndProject
Project("{FAE04EC0-301F-11D3-BF4B-00C04F79EFBC}") = "LoggingBlock.Implementation", "Blocks\Infra\LoggingBlock\Implementation\LoggingBlock.Implementation.csproj", "{A6818769-68F1-457C-8F34-0C154FA8D71B}"
EndProject
Project("{2150E333-8FDC-42A3-9474-1A3956D46DE8}") = "Models", "Models", "{A0A074A9-562B-4FBB-85B8-DB21E2F3EF47}"
EndProject
Project("{FAE04EC0-301F-11D3-BF4B-00C04F79EFBC}") = "LoggingBlock.Models", "Blocks\Infra\LoggingBlock\Models\Logging.Models\LoggingBlock.Models.csproj", "{050D3F43-0EF6-44E8-8489-EF8E4634614D}"
EndProject
Project("{2150E333-8FDC-42A3-9474-1A3956D46DE8}") = "Components", "Components", "{5231A652-0F61-498B-ADCB-A01850A924C0}"
EndProject
Project("{FAE04EC0-301F-11D3-BF4B-00C04F79EFBC}") = "LoggingBlock.Components.Commands", "Blocks\Infra\LoggingBlock\Components\Logging.Components.Command\LoggingBlock.Components.Commands.csproj", "{67B765DD-6FFF-4A64-977E-576871AA4C41}"
EndProject
Project("{FAE04EC0-301F-11D3-BF4B-00C04F79EFBC}") = "LoggingBlock.Components.Queries", "Blocks\Infra\LoggingBlock\Components\Logging.Components.Queries\LoggingBlock.Components.Queries.csproj", "{BFBCEB71-2F99-406F-9C76-150C2C2A6454}"
EndProject
Project("{FAE04EC0-301F-11D3-BF4B-00C04F79EFBC}") = "LoggingBlock.Component.Tests", "Blocks\Infra\LoggingBlock\Components\Logging.Component.Tests\LoggingBlock.Component.Tests.csproj", "{F0B3F2F2-011F-4EB1-841D-001701F87CAC}"
EndProject
Project("{FAE04EC0-301F-11D3-BF4B-00C04F79EFBC}") = "LoggingBlock", "Blocks\Infra\LoggingBlock\Public\LoggingBlock.csproj", "{C3E9FB25-B27A-4BB0-8F48-2F9C356B99F4}"
EndProject
Project("{2150E333-8FDC-42A3-9474-1A3956D46DE8}") = "Interfaces", "Interfaces", "{CFA0966A-9FAA-4ED7-A011-E56159554773}"
EndProject
Project("{FAE04EC0-301F-11D3-BF4B-00C04F79EFBC}") = "LoggingBlock.Interfaces", "Blocks\Infra\LoggingBlock\Interfaces\LoggingBlock.Interfaces.csproj", "{56982044-5FDE-42AF-964D-BC3744C8DC15}"
EndProject
Project("{2150E333-8FDC-42A3-9474-1A3956D46DE8}") = "Blocks", "Blocks", "{3D29A914-C5E2-4708-94D5-E93E52957CAB}"
EndProject
Project("{2150E333-8FDC-42A3-9474-1A3956D46DE8}") = "ItemsBlock", "ItemsBlock", "{BFE9455C-FCE9-4E06-99F4-998FDC9B34F8}"
EndProject
Global
	GlobalSection(SolutionConfigurationPlatforms) = preSolution
		Debug|x86 = Debug|x86
		Release|x86 = Release|x86
	EndGlobalSection
	GlobalSection(ProjectConfigurationPlatforms) = postSolution
		{8FA25359-AAB3-42D4-9610-304D285B1BDB}.Debug|x86.ActiveCfg = Debug|Any CPU
		{8FA25359-AAB3-42D4-9610-304D285B1BDB}.Debug|x86.Build.0 = Debug|Any CPU
		{8FA25359-AAB3-42D4-9610-304D285B1BDB}.Release|x86.ActiveCfg = Release|Any CPU
		{8FA25359-AAB3-42D4-9610-304D285B1BDB}.Release|x86.Build.0 = Release|Any CPU
		{A6818769-68F1-457C-8F34-0C154FA8D71B}.Debug|x86.ActiveCfg = Debug|Any CPU
		{A6818769-68F1-457C-8F34-0C154FA8D71B}.Debug|x86.Build.0 = Debug|Any CPU
		{A6818769-68F1-457C-8F34-0C154FA8D71B}.Release|x86.ActiveCfg = Release|Any CPU
		{A6818769-68F1-457C-8F34-0C154FA8D71B}.Release|x86.Build.0 = Release|Any CPU
		{050D3F43-0EF6-44E8-8489-EF8E4634614D}.Debug|x86.ActiveCfg = Debug|Any CPU
		{050D3F43-0EF6-44E8-8489-EF8E4634614D}.Debug|x86.Build.0 = Debug|Any CPU
		{050D3F43-0EF6-44E8-8489-EF8E4634614D}.Release|x86.ActiveCfg = Release|Any CPU
		{050D3F43-0EF6-44E8-8489-EF8E4634614D}.Release|x86.Build.0 = Release|Any CPU
		{67B765DD-6FFF-4A64-977E-576871AA4C41}.Debug|x86.ActiveCfg = Debug|Any CPU
		{67B765DD-6FFF-4A64-977E-576871AA4C41}.Debug|x86.Build.0 = Debug|Any CPU
		{67B765DD-6FFF-4A64-977E-576871AA4C41}.Release|x86.ActiveCfg = Release|Any CPU
		{67B765DD-6FFF-4A64-977E-576871AA4C41}.Release|x86.Build.0 = Release|Any CPU
		{BFBCEB71-2F99-406F-9C76-150C2C2A6454}.Debug|x86.ActiveCfg = Debug|Any CPU
		{BFBCEB71-2F99-406F-9C76-150C2C2A6454}.Debug|x86.Build.0 = Debug|Any CPU
		{BFBCEB71-2F99-406F-9C76-150C2C2A6454}.Release|x86.ActiveCfg = Release|Any CPU
		{BFBCEB71-2F99-406F-9C76-150C2C2A6454}.Release|x86.Build.0 = Release|Any CPU
		{F0B3F2F2-011F-4EB1-841D-001701F87CAC}.Debug|x86.ActiveCfg = Debug|Any CPU
		{F0B3F2F2-011F-4EB1-841D-001701F87CAC}.Debug|x86.Build.0 = Debug|Any CPU
		{F0B3F2F2-011F-4EB1-841D-001701F87CAC}.Release|x86.ActiveCfg = Release|Any CPU
		{F0B3F2F2-011F-4EB1-841D-001701F87CAC}.Release|x86.Build.0 = Release|Any CPU
		{C3E9FB25-B27A-4BB0-8F48-2F9C356B99F4}.Debug|x86.ActiveCfg = Debug|Any CPU
		{C3E9FB25-B27A-4BB0-8F48-2F9C356B99F4}.Debug|x86.Build.0 = Debug|Any CPU
		{C3E9FB25-B27A-4BB0-8F48-2F9C356B99F4}.Release|x86.ActiveCfg = Release|Any CPU
		{C3E9FB25-B27A-4BB0-8F48-2F9C356B99F4}.Release|x86.Build.0 = Release|Any CPU
		{56982044-5FDE-42AF-964D-BC3744C8DC15}.Debug|x86.ActiveCfg = Debug|Any CPU
		{56982044-5FDE-42AF-964D-BC3744C8DC15}.Debug|x86.Build.0 = Debug|Any CPU
		{56982044-5FDE-42AF-964D-BC3744C8DC15}.Release|x86.ActiveCfg = Release|Any CPU
		{56982044-5FDE-42AF-964D-BC3744C8DC15}.Release|x86.Build.0 = Release|Any CPU
	EndGlobalSection
	GlobalSection(NestedProjects) = preSolution
		{63D7D4DA-FD14-484D-AA0B-E3ACA8408DCE} = {1628A6B9-5338-47E6-8486-848180896A08}
		{8FA25359-AAB3-42D4-9610-304D285B1BDB} = {63D7D4DA-FD14-484D-AA0B-E3ACA8408DCE}
		{7F420E46-8317-4A0C-AAF1-0F0FD13A210D} = {1628A6B9-5338-47E6-8486-848180896A08}
		{968FB61A-3E54-454D-BF19-D1AF120E3EB6} = {7F420E46-8317-4A0C-AAF1-0F0FD13A210D}
		{4CF7EC3A-5BCA-4E76-899E-A4BB599ACAE5} = {7F420E46-8317-4A0C-AAF1-0F0FD13A210D}
		{DE5B21B0-C4A9-4A26-A7CE-B8410632F1E3} = {7F420E46-8317-4A0C-AAF1-0F0FD13A210D}
		{A6818769-68F1-457C-8F34-0C154FA8D71B} = {DE5B21B0-C4A9-4A26-A7CE-B8410632F1E3}
		{A0A074A9-562B-4FBB-85B8-DB21E2F3EF47} = {7F420E46-8317-4A0C-AAF1-0F0FD13A210D}
		{050D3F43-0EF6-44E8-8489-EF8E4634614D} = {A0A074A9-562B-4FBB-85B8-DB21E2F3EF47}
		{5231A652-0F61-498B-ADCB-A01850A924C0} = {7F420E46-8317-4A0C-AAF1-0F0FD13A210D}
		{67B765DD-6FFF-4A64-977E-576871AA4C41} = {5231A652-0F61-498B-ADCB-A01850A924C0}
		{BFBCEB71-2F99-406F-9C76-150C2C2A6454} = {5231A652-0F61-498B-ADCB-A01850A924C0}
		{F0B3F2F2-011F-4EB1-841D-001701F87CAC} = {5231A652-0F61-498B-ADCB-A01850A924C0}
		{C3E9FB25-B27A-4BB0-8F48-2F9C356B99F4} = {968FB61A-3E54-454D-BF19-D1AF120E3EB6}
		{CFA0966A-9FAA-4ED7-A011-E56159554773} = {7F420E46-8317-4A0C-AAF1-0F0FD13A210D}
		{56982044-5FDE-42AF-964D-BC3744C8DC15} = {CFA0966A-9FAA-4ED7-A011-E56159554773}
		{BFE9455C-FCE9-4E06-99F4-998FDC9B34F8} = {3D29A914-C5E2-4708-94D5-E93E52957CAB}
	EndGlobalSection
EndGlobal
