
Microsoft Visual Studio Solution File, Format Version 12.00
# Visual Studio 2012
Project("{2150E333-8FDC-42A3-9474-1A3956D46DE8}") = "Core", "Core", "{63D7D4DA-FD14-484D-AA0B-E3ACA8408DCE}"
EndProject
Project("{FAE04EC0-301F-11D3-BF4B-00C04F79EFBC}") = "Dharma.Core", "Blocks\Infra\Core\Dharma.Core.csproj", "{8FA25359-AAB3-42D4-9610-304D285B1BDB}"
EndProject
Project("{2150E333-8FDC-42A3-9474-1A3956D46DE8}") = "LoggingBlock", "LoggingBlock", "{7F420E46-8317-4A0C-AAF1-0F0FD13A210D}"
	ProjectSection(SolutionItems) = preProject
		Blocks\Infra\LoggingBlock\DockerFile = Blocks\Infra\LoggingBlock\DockerFile
		Blocks\Infra\LoggingBlock\Readme.md = Blocks\Infra\LoggingBlock\Readme.md
	EndProjectSection
EndProject
Project("{2150E333-8FDC-42A3-9474-1A3956D46DE8}") = "Public", "Public", "{968FB61A-3E54-454D-BF19-D1AF120E3EB6}"
EndProject
Project("{2150E333-8FDC-42A3-9474-1A3956D46DE8}") = "Tests", "Tests", "{4CF7EC3A-5BCA-4E76-899E-A4BB599ACAE5}"
EndProject
Project("{2150E333-8FDC-42A3-9474-1A3956D46DE8}") = "Implementation", "Implementation", "{DE5B21B0-C4A9-4A26-A7CE-B8410632F1E3}"
EndProject
Project("{FAE04EC0-301F-11D3-BF4B-00C04F79EFBC}") = "Dharma.LoggingBlock.Implementation", "Blocks\Infra\LoggingBlock\Implementation\Dharma.LoggingBlock.Implementation.csproj", "{A6818769-68F1-457C-8F34-0C154FA8D71B}"
EndProject
Project("{2150E333-8FDC-42A3-9474-1A3956D46DE8}") = "Models", "Models", "{A0A074A9-562B-4FBB-85B8-DB21E2F3EF47}"
EndProject
Project("{FAE04EC0-301F-11D3-BF4B-00C04F79EFBC}") = "Dharma.LoggingBlock.Models", "Blocks\Infra\LoggingBlock\Models\Logging.Models\Dharma.LoggingBlock.Models.csproj", "{050D3F43-0EF6-44E8-8489-EF8E4634614D}"
EndProject
Project("{2150E333-8FDC-42A3-9474-1A3956D46DE8}") = "Components", "Components", "{5231A652-0F61-498B-ADCB-A01850A924C0}"
EndProject
Project("{FAE04EC0-301F-11D3-BF4B-00C04F79EFBC}") = "Dharma.LoggingBlock.Components.Commands", "Blocks\Infra\LoggingBlock\Components\Commands\Dharma.LoggingBlock.Components.Commands.csproj", "{67B765DD-6FFF-4A64-977E-576871AA4C41}"
EndProject
Project("{FAE04EC0-301F-11D3-BF4B-00C04F79EFBC}") = "Dharma.LoggingBlock.Components.Queries", "Blocks\Infra\LoggingBlock\Components\Queries\Dharma.LoggingBlock.Components.Queries.csproj", "{BFBCEB71-2F99-406F-9C76-150C2C2A6454}"
EndProject
Project("{FAE04EC0-301F-11D3-BF4B-00C04F79EFBC}") = "Dharma.LoggingBlock.Components.Tests", "Blocks\Infra\LoggingBlock\Components\Tests\Dharma.LoggingBlock.Components.Tests.csproj", "{F0B3F2F2-011F-4EB1-841D-001701F87CAC}"
EndProject
Project("{FAE04EC0-301F-11D3-BF4B-00C04F79EFBC}") = "Dharma.LoggingBlock", "Blocks\Infra\LoggingBlock\Public\Dharma.LoggingBlock.csproj", "{C3E9FB25-B27A-4BB0-8F48-2F9C356B99F4}"
EndProject
Project("{2150E333-8FDC-42A3-9474-1A3956D46DE8}") = "Interfaces", "Interfaces", "{CFA0966A-9FAA-4ED7-A011-E56159554773}"
EndProject
Project("{FAE04EC0-301F-11D3-BF4B-00C04F79EFBC}") = "Dharma.LoggingBlock.Interfaces", "Blocks\Infra\LoggingBlock\Interfaces\Dharma.LoggingBlock.Interfaces.csproj", "{56982044-5FDE-42AF-964D-BC3744C8DC15}"
EndProject
Project("{2150E333-8FDC-42A3-9474-1A3956D46DE8}") = "Blocks", "Blocks", "{3D29A914-C5E2-4708-94D5-E93E52957CAB}"
EndProject
Project("{2150E333-8FDC-42A3-9474-1A3956D46DE8}") = "ItemsBlock", "ItemsBlock", "{BFE9455C-FCE9-4E06-99F4-998FDC9B34F8}"
EndProject
Project("{2150E333-8FDC-42A3-9474-1A3956D46DE8}") = "Components", "Components", "{456AF3F4-0EE4-410D-81E5-E76E0657EC2B}"
EndProject
Project("{2150E333-8FDC-42A3-9474-1A3956D46DE8}") = "Implementation", "Implementation", "{8720E9BF-6173-43F6-933E-0B1969C3FBFF}"
EndProject
Project("{2150E333-8FDC-42A3-9474-1A3956D46DE8}") = "Interfaces", "Interfaces", "{8E74FCF1-707D-4A7F-85C3-87DE8069F0C3}"
EndProject
Project("{2150E333-8FDC-42A3-9474-1A3956D46DE8}") = "Models", "Models", "{4526E079-6876-41B1-8C45-CBCF7EAE2525}"
EndProject
Project("{2150E333-8FDC-42A3-9474-1A3956D46DE8}") = "Public", "Public", "{73F7BCDE-732E-4095-9A14-65C44BA1ABC1}"
EndProject
Project("{2150E333-8FDC-42A3-9474-1A3956D46DE8}") = "Tests", "Tests", "{6D2C70C2-DD81-44F6-B0DC-911E90E67E94}"
EndProject
Project("{2150E333-8FDC-42A3-9474-1A3956D46DE8}") = "OrganizationBlock", "OrganizationBlock", "{BDB760E8-9024-47AC-B366-BCA959E5CEF8}"
EndProject
Project("{2150E333-8FDC-42A3-9474-1A3956D46DE8}") = "Components", "Components", "{DE4CC8FB-DE79-40B3-99AD-1E937CED95BE}"
EndProject
Project("{2150E333-8FDC-42A3-9474-1A3956D46DE8}") = "Implementation", "Implementation", "{19C54A9B-93AD-4EB0-9C02-E6D9B7BED26B}"
EndProject
Project("{2150E333-8FDC-42A3-9474-1A3956D46DE8}") = "Interfaces", "Interfaces", "{20501014-CECE-4AE5-B062-9214DD392025}"
EndProject
Project("{2150E333-8FDC-42A3-9474-1A3956D46DE8}") = "Models", "Models", "{4392B7B7-70EA-4AA2-8BD1-D517ED9B13B2}"
EndProject
Project("{2150E333-8FDC-42A3-9474-1A3956D46DE8}") = "Public", "Public", "{562806F3-6288-40BC-B3CC-76A6E78C8029}"
EndProject
Project("{2150E333-8FDC-42A3-9474-1A3956D46DE8}") = "Tests", "Tests", "{48CA8EC3-DD4E-4CF9-AABB-836F41E8B109}"
EndProject
Project("{FAE04EC0-301F-11D3-BF4B-00C04F79EFBC}") = "Dharma.OrganizationBlock.Components.Commands", "Blocks\OrganizationBlock\Components\Commands\Dharma.OrganizationBlock.Components.Commands.csproj", "{D6230EE0-2146-4704-990D-D44589D8B624}"
EndProject
Project("{FAE04EC0-301F-11D3-BF4B-00C04F79EFBC}") = "Dharma.OrganizationBlock.Components.Queries", "Blocks\OrganizationBlock\Components\Queries\Dharma.OrganizationBlock.Components.Queries.csproj", "{59E480E2-9840-403E-B13D-7F6AC107C4BE}"
EndProject
Project("{FAE04EC0-301F-11D3-BF4B-00C04F79EFBC}") = "Dharma.OrganizationBlock.Components.Tests", "Blocks\OrganizationBlock\Components\Tests\Dharma.OrganizationBlock.Components.Tests.csproj", "{B330A90C-B120-4EC5-ABD7-53ADB75DE8F5}"
EndProject
Project("{FAE04EC0-301F-11D3-BF4B-00C04F79EFBC}") = "Dharma.OrganizationBlock.Models", "Blocks\OrganizationBlock\Models\Models\Dharma.OrganizationBlock.Models.csproj", "{141F36DD-B872-4BE7-9A0F-87E412981332}"
EndProject
Project("{FAE04EC0-301F-11D3-BF4B-00C04F79EFBC}") = "Dharma.ItemsBlock.Models", "Blocks\ItemsBlock\Models\Models\Dharma.ItemsBlock.Models.csproj", "{141396A9-43B0-4DFD-9983-EA8EA87E75B3}"
EndProject
Project("{FAE04EC0-301F-11D3-BF4B-00C04F79EFBC}") = "Dharma.ItemsBlock.Components.Queries", "Blocks\ItemsBlock\Components\Queries\Dharma.ItemsBlock.Components.Queries.csproj", "{8AC1CD09-7DDB-4B18-B5CB-39ECF504C680}"
EndProject
Project("{FAE04EC0-301F-11D3-BF4B-00C04F79EFBC}") = "Dharma.ItemsBlock.Components.Commands", "Blocks\ItemsBlock\Components\Commands\Dharma.ItemsBlock.Components.Commands.csproj", "{399E100C-86E9-461C-9060-5341C62AB172}"
EndProject
Project("{FAE04EC0-301F-11D3-BF4B-00C04F79EFBC}") = "Dharma.ItemsBlock.Components.Tests", "Blocks\ItemsBlock\Components\Tests\Dharma.ItemsBlock.Components.Tests.csproj", "{0945468E-7925-4F57-9DDF-8DC85ABE1AD5}"
EndProject
Project("{FAE04EC0-301F-11D3-BF4B-00C04F79EFBC}") = "Dharma.ItemsBlock.Models.Tests", "Blocks\ItemsBlock\Models\Tests\Dharma.ItemsBlock.Models.Tests.csproj", "{2E55834B-4682-41F8-871B-DB6ED1759A34}"
EndProject
Project("{2150E333-8FDC-42A3-9474-1A3956D46DE8}") = "Infra", "Infra", "{3EE496A1-5955-4918-9FCF-0AE81131B50C}"
EndProject
Project("{FAE04EC0-301F-11D3-BF4B-00C04F79EFBC}") = "Dharma.ItemsBlock.Interfaces", "Blocks\ItemsBlock\Interfaces\Dharma.ItemsBlock.Interfaces.csproj", "{30C6B8B9-A7F5-49B8-9D53-8E6B2AAE157E}"
EndProject
Project("{FAE04EC0-301F-11D3-BF4B-00C04F79EFBC}") = "Dharma.ItemsBlock.Implementation", "Blocks\ItemsBlock\Implementation\Dharma.ItemsBlock.Implementation.csproj", "{7D0BBD2B-91BA-465F-9DBA-B3D5F521B86C}"
EndProject
Project("{FAE04EC0-301F-11D3-BF4B-00C04F79EFBC}") = "Dharma.ItemsBlock", "Blocks\ItemsBlock\Public\Dharma.ItemsBlock.csproj", "{9CD3F8F4-726A-4D82-9906-7ACF602F5253}"
EndProject
Project("{FAE04EC0-301F-11D3-BF4B-00C04F79EFBC}") = "Dharma.OrganizationBlock.Models.Tests", "Blocks\OrganizationBlock\Models\Tests\Dharma.OrganizationBlock.Models.Tests.csproj", "{BD527762-A0D8-404F-8FF0-BBEA382ED2C6}"
EndProject
Project("{FAE04EC0-301F-11D3-BF4B-00C04F79EFBC}") = "Dharma.OrganizationBlock.Interfaces", "Blocks\OrganizationBlock\Interfaces\Dharma.OrganizationBlock.Interfaces\Dharma.OrganizationBlock.Interfaces.csproj", "{A2EEA8D9-D27B-441C-8541-75163FD148DD}"
EndProject
Global
	GlobalSection(SolutionConfigurationPlatforms) = preSolution
		Debug|x86 = Debug|x86
		Release|x86 = Release|x86
	EndGlobalSection
	GlobalSection(ProjectConfigurationPlatforms) = postSolution
		{8FA25359-AAB3-42D4-9610-304D285B1BDB}.Debug|x86.ActiveCfg = Debug|Any CPU
		{8FA25359-AAB3-42D4-9610-304D285B1BDB}.Debug|x86.Build.0 = Debug|Any CPU
		{8FA25359-AAB3-42D4-9610-304D285B1BDB}.Release|x86.ActiveCfg = Release|Any CPU
		{8FA25359-AAB3-42D4-9610-304D285B1BDB}.Release|x86.Build.0 = Release|Any CPU
		{A6818769-68F1-457C-8F34-0C154FA8D71B}.Debug|x86.ActiveCfg = Debug|Any CPU
		{A6818769-68F1-457C-8F34-0C154FA8D71B}.Debug|x86.Build.0 = Debug|Any CPU
		{A6818769-68F1-457C-8F34-0C154FA8D71B}.Release|x86.ActiveCfg = Release|Any CPU
		{A6818769-68F1-457C-8F34-0C154FA8D71B}.Release|x86.Build.0 = Release|Any CPU
		{050D3F43-0EF6-44E8-8489-EF8E4634614D}.Debug|x86.ActiveCfg = Debug|Any CPU
		{050D3F43-0EF6-44E8-8489-EF8E4634614D}.Debug|x86.Build.0 = Debug|Any CPU
		{050D3F43-0EF6-44E8-8489-EF8E4634614D}.Release|x86.ActiveCfg = Release|Any CPU
		{050D3F43-0EF6-44E8-8489-EF8E4634614D}.Release|x86.Build.0 = Release|Any CPU
		{67B765DD-6FFF-4A64-977E-576871AA4C41}.Debug|x86.ActiveCfg = Debug|Any CPU
		{67B765DD-6FFF-4A64-977E-576871AA4C41}.Debug|x86.Build.0 = Debug|Any CPU
		{67B765DD-6FFF-4A64-977E-576871AA4C41}.Release|x86.ActiveCfg = Release|Any CPU
		{67B765DD-6FFF-4A64-977E-576871AA4C41}.Release|x86.Build.0 = Release|Any CPU
		{BFBCEB71-2F99-406F-9C76-150C2C2A6454}.Debug|x86.ActiveCfg = Debug|Any CPU
		{BFBCEB71-2F99-406F-9C76-150C2C2A6454}.Debug|x86.Build.0 = Debug|Any CPU
		{BFBCEB71-2F99-406F-9C76-150C2C2A6454}.Release|x86.ActiveCfg = Release|Any CPU
		{BFBCEB71-2F99-406F-9C76-150C2C2A6454}.Release|x86.Build.0 = Release|Any CPU
		{F0B3F2F2-011F-4EB1-841D-001701F87CAC}.Debug|x86.ActiveCfg = Debug|Any CPU
		{F0B3F2F2-011F-4EB1-841D-001701F87CAC}.Debug|x86.Build.0 = Debug|Any CPU
		{F0B3F2F2-011F-4EB1-841D-001701F87CAC}.Release|x86.ActiveCfg = Release|Any CPU
		{F0B3F2F2-011F-4EB1-841D-001701F87CAC}.Release|x86.Build.0 = Release|Any CPU
		{C3E9FB25-B27A-4BB0-8F48-2F9C356B99F4}.Debug|x86.ActiveCfg = Debug|Any CPU
		{C3E9FB25-B27A-4BB0-8F48-2F9C356B99F4}.Debug|x86.Build.0 = Debug|Any CPU
		{C3E9FB25-B27A-4BB0-8F48-2F9C356B99F4}.Release|x86.ActiveCfg = Release|Any CPU
		{C3E9FB25-B27A-4BB0-8F48-2F9C356B99F4}.Release|x86.Build.0 = Release|Any CPU
		{56982044-5FDE-42AF-964D-BC3744C8DC15}.Debug|x86.ActiveCfg = Debug|Any CPU
		{56982044-5FDE-42AF-964D-BC3744C8DC15}.Debug|x86.Build.0 = Debug|Any CPU
		{56982044-5FDE-42AF-964D-BC3744C8DC15}.Release|x86.ActiveCfg = Release|Any CPU
		{56982044-5FDE-42AF-964D-BC3744C8DC15}.Release|x86.Build.0 = Release|Any CPU
		{D6230EE0-2146-4704-990D-D44589D8B624}.Debug|x86.ActiveCfg = Debug|Any CPU
		{D6230EE0-2146-4704-990D-D44589D8B624}.Debug|x86.Build.0 = Debug|Any CPU
		{D6230EE0-2146-4704-990D-D44589D8B624}.Release|x86.ActiveCfg = Release|Any CPU
		{D6230EE0-2146-4704-990D-D44589D8B624}.Release|x86.Build.0 = Release|Any CPU
		{59E480E2-9840-403E-B13D-7F6AC107C4BE}.Debug|x86.ActiveCfg = Debug|Any CPU
		{59E480E2-9840-403E-B13D-7F6AC107C4BE}.Debug|x86.Build.0 = Debug|Any CPU
		{59E480E2-9840-403E-B13D-7F6AC107C4BE}.Release|x86.ActiveCfg = Release|Any CPU
		{59E480E2-9840-403E-B13D-7F6AC107C4BE}.Release|x86.Build.0 = Release|Any CPU
		{B330A90C-B120-4EC5-ABD7-53ADB75DE8F5}.Debug|x86.ActiveCfg = Debug|Any CPU
		{B330A90C-B120-4EC5-ABD7-53ADB75DE8F5}.Debug|x86.Build.0 = Debug|Any CPU
		{B330A90C-B120-4EC5-ABD7-53ADB75DE8F5}.Release|x86.ActiveCfg = Release|Any CPU
		{B330A90C-B120-4EC5-ABD7-53ADB75DE8F5}.Release|x86.Build.0 = Release|Any CPU
		{141F36DD-B872-4BE7-9A0F-87E412981332}.Debug|x86.ActiveCfg = Debug|Any CPU
		{141F36DD-B872-4BE7-9A0F-87E412981332}.Debug|x86.Build.0 = Debug|Any CPU
		{141F36DD-B872-4BE7-9A0F-87E412981332}.Release|x86.ActiveCfg = Release|Any CPU
		{141F36DD-B872-4BE7-9A0F-87E412981332}.Release|x86.Build.0 = Release|Any CPU
		{141396A9-43B0-4DFD-9983-EA8EA87E75B3}.Debug|x86.ActiveCfg = Debug|Any CPU
		{141396A9-43B0-4DFD-9983-EA8EA87E75B3}.Debug|x86.Build.0 = Debug|Any CPU
		{141396A9-43B0-4DFD-9983-EA8EA87E75B3}.Release|x86.ActiveCfg = Release|Any CPU
		{141396A9-43B0-4DFD-9983-EA8EA87E75B3}.Release|x86.Build.0 = Release|Any CPU
		{8AC1CD09-7DDB-4B18-B5CB-39ECF504C680}.Debug|x86.ActiveCfg = Debug|Any CPU
		{8AC1CD09-7DDB-4B18-B5CB-39ECF504C680}.Debug|x86.Build.0 = Debug|Any CPU
		{8AC1CD09-7DDB-4B18-B5CB-39ECF504C680}.Release|x86.ActiveCfg = Release|Any CPU
		{8AC1CD09-7DDB-4B18-B5CB-39ECF504C680}.Release|x86.Build.0 = Release|Any CPU
		{399E100C-86E9-461C-9060-5341C62AB172}.Debug|x86.ActiveCfg = Debug|Any CPU
		{399E100C-86E9-461C-9060-5341C62AB172}.Debug|x86.Build.0 = Debug|Any CPU
		{399E100C-86E9-461C-9060-5341C62AB172}.Release|x86.ActiveCfg = Release|Any CPU
		{399E100C-86E9-461C-9060-5341C62AB172}.Release|x86.Build.0 = Release|Any CPU
		{0945468E-7925-4F57-9DDF-8DC85ABE1AD5}.Debug|x86.ActiveCfg = Debug|Any CPU
		{0945468E-7925-4F57-9DDF-8DC85ABE1AD5}.Debug|x86.Build.0 = Debug|Any CPU
		{0945468E-7925-4F57-9DDF-8DC85ABE1AD5}.Release|x86.ActiveCfg = Release|Any CPU
		{0945468E-7925-4F57-9DDF-8DC85ABE1AD5}.Release|x86.Build.0 = Release|Any CPU
		{2E55834B-4682-41F8-871B-DB6ED1759A34}.Debug|x86.ActiveCfg = Debug|Any CPU
		{2E55834B-4682-41F8-871B-DB6ED1759A34}.Debug|x86.Build.0 = Debug|Any CPU
		{2E55834B-4682-41F8-871B-DB6ED1759A34}.Release|x86.ActiveCfg = Release|Any CPU
		{2E55834B-4682-41F8-871B-DB6ED1759A34}.Release|x86.Build.0 = Release|Any CPU
		{30C6B8B9-A7F5-49B8-9D53-8E6B2AAE157E}.Debug|x86.ActiveCfg = Debug|Any CPU
		{30C6B8B9-A7F5-49B8-9D53-8E6B2AAE157E}.Debug|x86.Build.0 = Debug|Any CPU
		{30C6B8B9-A7F5-49B8-9D53-8E6B2AAE157E}.Release|x86.ActiveCfg = Release|Any CPU
		{30C6B8B9-A7F5-49B8-9D53-8E6B2AAE157E}.Release|x86.Build.0 = Release|Any CPU
		{7D0BBD2B-91BA-465F-9DBA-B3D5F521B86C}.Debug|x86.ActiveCfg = Debug|Any CPU
		{7D0BBD2B-91BA-465F-9DBA-B3D5F521B86C}.Debug|x86.Build.0 = Debug|Any CPU
		{7D0BBD2B-91BA-465F-9DBA-B3D5F521B86C}.Release|x86.ActiveCfg = Release|Any CPU
		{7D0BBD2B-91BA-465F-9DBA-B3D5F521B86C}.Release|x86.Build.0 = Release|Any CPU
		{9CD3F8F4-726A-4D82-9906-7ACF602F5253}.Debug|x86.ActiveCfg = Debug|Any CPU
		{9CD3F8F4-726A-4D82-9906-7ACF602F5253}.Debug|x86.Build.0 = Debug|Any CPU
		{9CD3F8F4-726A-4D82-9906-7ACF602F5253}.Release|x86.ActiveCfg = Release|Any CPU
		{9CD3F8F4-726A-4D82-9906-7ACF602F5253}.Release|x86.Build.0 = Release|Any CPU
		{BD527762-A0D8-404F-8FF0-BBEA382ED2C6}.Debug|x86.ActiveCfg = Debug|Any CPU
		{BD527762-A0D8-404F-8FF0-BBEA382ED2C6}.Debug|x86.Build.0 = Debug|Any CPU
		{BD527762-A0D8-404F-8FF0-BBEA382ED2C6}.Release|x86.ActiveCfg = Release|Any CPU
		{BD527762-A0D8-404F-8FF0-BBEA382ED2C6}.Release|x86.Build.0 = Release|Any CPU
		{A2EEA8D9-D27B-441C-8541-75163FD148DD}.Debug|x86.ActiveCfg = Debug|Any CPU
		{A2EEA8D9-D27B-441C-8541-75163FD148DD}.Debug|x86.Build.0 = Debug|Any CPU
		{A2EEA8D9-D27B-441C-8541-75163FD148DD}.Release|x86.ActiveCfg = Release|Any CPU
		{A2EEA8D9-D27B-441C-8541-75163FD148DD}.Release|x86.Build.0 = Release|Any CPU
	EndGlobalSection
	GlobalSection(NestedProjects) = preSolution
		{63D7D4DA-FD14-484D-AA0B-E3ACA8408DCE} = {3EE496A1-5955-4918-9FCF-0AE81131B50C}
		{8FA25359-AAB3-42D4-9610-304D285B1BDB} = {63D7D4DA-FD14-484D-AA0B-E3ACA8408DCE}
		{7F420E46-8317-4A0C-AAF1-0F0FD13A210D} = {3EE496A1-5955-4918-9FCF-0AE81131B50C}
		{968FB61A-3E54-454D-BF19-D1AF120E3EB6} = {7F420E46-8317-4A0C-AAF1-0F0FD13A210D}
		{4CF7EC3A-5BCA-4E76-899E-A4BB599ACAE5} = {7F420E46-8317-4A0C-AAF1-0F0FD13A210D}
		{DE5B21B0-C4A9-4A26-A7CE-B8410632F1E3} = {7F420E46-8317-4A0C-AAF1-0F0FD13A210D}
		{A6818769-68F1-457C-8F34-0C154FA8D71B} = {DE5B21B0-C4A9-4A26-A7CE-B8410632F1E3}
		{A0A074A9-562B-4FBB-85B8-DB21E2F3EF47} = {7F420E46-8317-4A0C-AAF1-0F0FD13A210D}
		{050D3F43-0EF6-44E8-8489-EF8E4634614D} = {A0A074A9-562B-4FBB-85B8-DB21E2F3EF47}
		{5231A652-0F61-498B-ADCB-A01850A924C0} = {7F420E46-8317-4A0C-AAF1-0F0FD13A210D}
		{67B765DD-6FFF-4A64-977E-576871AA4C41} = {5231A652-0F61-498B-ADCB-A01850A924C0}
		{BFBCEB71-2F99-406F-9C76-150C2C2A6454} = {5231A652-0F61-498B-ADCB-A01850A924C0}
		{F0B3F2F2-011F-4EB1-841D-001701F87CAC} = {5231A652-0F61-498B-ADCB-A01850A924C0}
		{C3E9FB25-B27A-4BB0-8F48-2F9C356B99F4} = {968FB61A-3E54-454D-BF19-D1AF120E3EB6}
		{CFA0966A-9FAA-4ED7-A011-E56159554773} = {7F420E46-8317-4A0C-AAF1-0F0FD13A210D}
		{56982044-5FDE-42AF-964D-BC3744C8DC15} = {CFA0966A-9FAA-4ED7-A011-E56159554773}
		{BFE9455C-FCE9-4E06-99F4-998FDC9B34F8} = {3D29A914-C5E2-4708-94D5-E93E52957CAB}
		{456AF3F4-0EE4-410D-81E5-E76E0657EC2B} = {BFE9455C-FCE9-4E06-99F4-998FDC9B34F8}
		{8720E9BF-6173-43F6-933E-0B1969C3FBFF} = {BFE9455C-FCE9-4E06-99F4-998FDC9B34F8}
		{8E74FCF1-707D-4A7F-85C3-87DE8069F0C3} = {BFE9455C-FCE9-4E06-99F4-998FDC9B34F8}
		{4526E079-6876-41B1-8C45-CBCF7EAE2525} = {BFE9455C-FCE9-4E06-99F4-998FDC9B34F8}
		{73F7BCDE-732E-4095-9A14-65C44BA1ABC1} = {BFE9455C-FCE9-4E06-99F4-998FDC9B34F8}
		{6D2C70C2-DD81-44F6-B0DC-911E90E67E94} = {BFE9455C-FCE9-4E06-99F4-998FDC9B34F8}
		{BDB760E8-9024-47AC-B366-BCA959E5CEF8} = {3D29A914-C5E2-4708-94D5-E93E52957CAB}
		{DE4CC8FB-DE79-40B3-99AD-1E937CED95BE} = {BDB760E8-9024-47AC-B366-BCA959E5CEF8}
		{19C54A9B-93AD-4EB0-9C02-E6D9B7BED26B} = {BDB760E8-9024-47AC-B366-BCA959E5CEF8}
		{20501014-CECE-4AE5-B062-9214DD392025} = {BDB760E8-9024-47AC-B366-BCA959E5CEF8}
		{4392B7B7-70EA-4AA2-8BD1-D517ED9B13B2} = {BDB760E8-9024-47AC-B366-BCA959E5CEF8}
		{562806F3-6288-40BC-B3CC-76A6E78C8029} = {BDB760E8-9024-47AC-B366-BCA959E5CEF8}
		{48CA8EC3-DD4E-4CF9-AABB-836F41E8B109} = {BDB760E8-9024-47AC-B366-BCA959E5CEF8}
		{D6230EE0-2146-4704-990D-D44589D8B624} = {DE4CC8FB-DE79-40B3-99AD-1E937CED95BE}
		{59E480E2-9840-403E-B13D-7F6AC107C4BE} = {DE4CC8FB-DE79-40B3-99AD-1E937CED95BE}
		{B330A90C-B120-4EC5-ABD7-53ADB75DE8F5} = {DE4CC8FB-DE79-40B3-99AD-1E937CED95BE}
		{141F36DD-B872-4BE7-9A0F-87E412981332} = {4392B7B7-70EA-4AA2-8BD1-D517ED9B13B2}
		{141396A9-43B0-4DFD-9983-EA8EA87E75B3} = {4526E079-6876-41B1-8C45-CBCF7EAE2525}
		{8AC1CD09-7DDB-4B18-B5CB-39ECF504C680} = {456AF3F4-0EE4-410D-81E5-E76E0657EC2B}
		{399E100C-86E9-461C-9060-5341C62AB172} = {456AF3F4-0EE4-410D-81E5-E76E0657EC2B}
		{0945468E-7925-4F57-9DDF-8DC85ABE1AD5} = {456AF3F4-0EE4-410D-81E5-E76E0657EC2B}
		{2E55834B-4682-41F8-871B-DB6ED1759A34} = {4526E079-6876-41B1-8C45-CBCF7EAE2525}
		{3EE496A1-5955-4918-9FCF-0AE81131B50C} = {3D29A914-C5E2-4708-94D5-E93E52957CAB}
		{30C6B8B9-A7F5-49B8-9D53-8E6B2AAE157E} = {8E74FCF1-707D-4A7F-85C3-87DE8069F0C3}
		{7D0BBD2B-91BA-465F-9DBA-B3D5F521B86C} = {8720E9BF-6173-43F6-933E-0B1969C3FBFF}
		{9CD3F8F4-726A-4D82-9906-7ACF602F5253} = {73F7BCDE-732E-4095-9A14-65C44BA1ABC1}
		{BD527762-A0D8-404F-8FF0-BBEA382ED2C6} = {4392B7B7-70EA-4AA2-8BD1-D517ED9B13B2}
		{A2EEA8D9-D27B-441C-8541-75163FD148DD} = {20501014-CECE-4AE5-B062-9214DD392025}
	EndGlobalSection
EndGlobal
